<?xml version="1.0" encoding="utf-8"?>
<Project ToolsVersion="17.0" xmlns="http://schemas.microsoft.com/developer/msbuild/2003">
  <ItemGroup>
    <CustomBuild Include="D:\availability\3D Engine\EngineSP\Resources\test\CMakeFiles\affbf316bd5c0d5a535e8c63531d70ff\INSTALL_force.rule">
      <Filter>CMake Rules</Filter>
    </CustomBuild>
  </ItemGroup>
  <ItemGroup>
    <Filter Include="CMake Rules">
      <UniqueIdentifier>{55CE94EA-5409-350C-A58B-68DF62520A30}</UniqueIdentifier>
    </Filter>
  </ItemGroup>
</Project>
